{
  "requires": true,
  "lockfileVersion": 1,
  "dependencies": {
    "@types/angular": {
      "version": "1.8.0",
      "resolved": "https://registry.npmjs.org/@types/angular/-/angular-1.8.0.tgz",
      "integrity": "sha512-tF4Ulq9GC54wKboxfvt91tkfJNGcFWEfkuptX5HCNVt4emwJQqWloCpUzepyKLjpKSIEOZaxupb/GX2ESwz3wQ==",
      "dev": true
    }
  }
}
